
Microsoft Visual Studio Solution File, Format Version 12.00
Project("{FAE04EC0-301F-11D3-BF4B-00C04F79EFBC}") = "MainConsoleApplication", "MainConsoleApplication\MainConsoleApplication.csproj", "{E1FDCD08-29B6-4F5C-BA7B-303034F531C3}"
EndProject
Project("{FAE04EC0-301F-11D3-BF4B-00C04F79EFBC}") = "CastBehaviors", "CastBehaviors\CastBehaviors.csproj", "{4C0E4E9B-963C-4B6A-81E1-B5FB9EFCD98F}"
EndProject
Global
	GlobalSection(SolutionConfigurationPlatforms) = preSolution
		Debug|Any CPU = Debug|Any CPU
		Release|Any CPU = Release|Any CPU
	EndGlobalSection
	GlobalSection(ProjectConfigurationPlatforms) = postSolution
		{E1FDCD08-29B6-4F5C-BA7B-303034F531C3}.Debug|Any CPU.ActiveCfg = Debug|Any CPU
		{E1FDCD08-29B6-4F5C-BA7B-303034F531C3}.Debug|Any CPU.Build.0 = Debug|Any CPU
		{E1FDCD08-29B6-4F5C-BA7B-303034F531C3}.Release|Any CPU.ActiveCfg = Release|Any CPU
		{E1FDCD08-29B6-4F5C-BA7B-303034F531C3}.Release|Any CPU.Build.0 = Release|Any CPU
		{4C0E4E9B-963C-4B6A-81E1-B5FB9EFCD98F}.Debug|Any CPU.ActiveCfg = Debug|Any CPU
		{4C0E4E9B-963C-4B6A-81E1-B5FB9EFCD98F}.Debug|Any CPU.Build.0 = Debug|Any CPU
		{4C0E4E9B-963C-4B6A-81E1-B5FB9EFCD98F}.Release|Any CPU.ActiveCfg = Release|Any CPU
		{4C0E4E9B-963C-4B6A-81E1-B5FB9EFCD98F}.Release|Any CPU.Build.0 = Release|Any CPU
	EndGlobalSection
EndGlobal
